
Microsoft Visual Studio Solution File, Format Version 12.00
# Visual Studio Version 16
VisualStudioVersion = 16.0.33927.289
MinimumVisualStudioVersion = 10.0.40219.1
Project("{FAE04EC0-301F-11D3-BF4B-00C04F79EFBC}") = "Задание№2", "Задание№2\Задание№2.csproj", "{A3015E00-8722-4F25-A602-CD20A75BEAC7}"
EndProject
Global
	GlobalSection(SolutionConfigurationPlatforms) = preSolution
		Debug|Any CPU = Debug|Any CPU
		Release|Any CPU = Release|Any CPU
	EndGlobalSection
	GlobalSection(ProjectConfigurationPlatforms) = postSolution
		{A3015E00-8722-4F25-A602-CD20A75BEAC7}.Debug|Any CPU.ActiveCfg = Debug|Any CPU
		{A3015E00-8722-4F25-A602-CD20A75BEAC7}.Debug|Any CPU.Build.0 = Debug|Any CPU
		{A3015E00-8722-4F25-A602-CD20A75BEAC7}.Release|Any CPU.ActiveCfg = Release|Any CPU
		{A3015E00-8722-4F25-A602-CD20A75BEAC7}.Release|Any CPU.Build.0 = Release|Any CPU
	EndGlobalSection
	GlobalSection(SolutionProperties) = preSolution
		HideSolutionNode = FALSE
	EndGlobalSection
	GlobalSection(ExtensibilityGlobals) = postSolution
		SolutionGuid = {A0B2EE32-5811-4915-8A1C-CFF80E6883C9}
	EndGlobalSection
EndGlobal
